PODS:
  - AFNetworking (3.1.0):
    - AFNetworking/NSURLSession (= 3.1.0)
    - AFNetworking/Reachability (= 3.1.0)
    - AFNetworking/Security (= 3.1.0)
    - AFNetworking/Serialization (= 3.1.0)
    - AFNetworking/UIKit (= 3.1.0)
  - AFNetworking/NSURLSession (3.1.0):
    - AFNetworking/Reachability
    - AFNetworking/Security
    - AFNetworking/Serialization
  - AFNetworking/Reachability (3.1.0)
  - AFNetworking/Security (3.1.0)
  - AFNetworking/Serialization (3.1.0)
  - AFNetworking/UIKit (3.1.0):
    - AFNetworking/NSURLSession
  - Alamofire (3.5.1)
  - BaiduMapKit (3.1.0)
  - HappyDNS (0.3.10)
  - Qiniu (7.1.2):
    - AFNetworking (~> 3)
    - HappyDNS (~> 0.3)
  - Realm (2.0.2):
    - Realm/Headers (= 2.0.2)
  - Realm/Headers (2.0.2)
  - RealmSwift (2.0.2):
    - Realm (= 2.0.2)
  - SDWebImage (3.8.2):
    - SDWebImage/Core (= 3.8.2)
  - SDWebImage/Core (3.8.2)
  - SnapKit (0.22.0)
  - SwiftyJSON (2.4.0)
  - UMengSocialCOM (5.2.1)
  - Zhugeio (2.0.6):
    - Zhugeio/Zhugeio (= 2.0.6)
  - Zhugeio/Zhugeio (2.0.6)

DEPENDENCIES:
  - Alamofire (~> 3.5.0)
  - BaiduMapKit
  - Qiniu
  - RealmSwift
  - SDWebImage
  - SnapKit (~> 0.22.0)
  - SwiftyJSON (~> 2.4.0)
  - UMengSocialCOM
  - Zhugeio

SPEC CHECKSUMS:
  AFNetworking: 5e0e199f73d8626b11e79750991f5d173d1f8b67
  Alamofire: 0dfba1184a543e2aa160f4e39cac4e8aba48d223
  BaiduMapKit: 4cfaedb118cff7e157e9771859a4bf65a261b2a1
  HappyDNS: 06a9fed2796663fd87626dbf02552933265bf059
  Qiniu: d57cb922b5c31f0d1cfe2c8fea3cf83997cdcf62
  Realm: 0f5a194af0b7e6158b83db41b4ee1a00be7ddf1a
  RealmSwift: 0eb5070d851cba7c66e841ca756d83609dc78bc8
  SDWebImage: 098e97e6176540799c27e804c96653ee0833d13c
  SnapKit: 0dd2fd157330f1ea11fd84da13e6be8a7a22bae0
  SwiftyJSON: 96918c1bf505efa50c4f72957018dd3452090c9c
  UMengSocialCOM: 074c135ce349aa4c8848d3fb8458757bcb6ffb67
  Zhugeio: 0db34ba66ee32594662df0abdc57cd863cf105b0

PODFILE CHECKSUM: 03dfad7fb6e391f47d5c10ee5c6966acda15ef3e

COCOAPODS: 1.0.1
