PODS:
  - AFNetworking (3.1.0):
    - AFNetworking/NSURLSession (= 3.1.0)
    - AFNetworking/Reachability (= 3.1.0)
    - AFNetworking/Security (= 3.1.0)
    - AFNetworking/Serialization (= 3.1.0)
    - AFNetworking/UIKit (= 3.1.0)
  - AFNetworking/NSURLSession (3.1.0):
    - AFNetworking/Reachability
    - AFNetworking/Security
    - AFNetworking/Serialization
  - AFNetworking/Reachability (3.1.0)
  - AFNetworking/Security (3.1.0)
  - AFNetworking/Serialization (3.1.0)
  - AFNetworking/UIKit (3.1.0):
    - AFNetworking/NSURLSession
  - Alamofire (4.2.0)
  - BaiduMapKit (3.3.1)
  - HappyDNS (0.3.10)
  - IQKeyboardManagerSwift (4.0.8)
  - MJRefresh (3.1.12)
  - Qiniu (7.1.5):
    - AFNetworking (~> 3)
    - HappyDNS (~> 0.3)
  - SDWebImage (4.0.0):
    - SDWebImage/Core (= 4.0.0)
  - SDWebImage/Core (4.0.0)
  - SnapKit (3.0.2)
  - SVProgressHUD (2.1.2)
  - SwiftyJSON (3.1.4)
  - Then (2.1.0)
  - UMengSocialCOM (5.2.1)
  - Zhugeio (2.1.2):
    - Zhugeio/Zhugeio (= 2.1.2)
  - Zhugeio/Zhugeio (2.1.2)

DEPENDENCIES:
  - Alamofire (~> 4.2.0)
  - BaiduMapKit
  - IQKeyboardManagerSwift (= 4.0.8)
  - MJRefresh
  - Qiniu
  - SDWebImage
  - SnapKit (~> 3.0.2)
  - SVProgressHUD
  - SwiftyJSON
  - Then (~> 2.1)
  - UMengSocialCOM
  - Zhugeio

SPEC CHECKSUMS:
  AFNetworking: 5e0e199f73d8626b11e79750991f5d173d1f8b67
  Alamofire: aa2e09d871c9160ac53c90e83c68064a94e3dfbe
  BaiduMapKit: 9e8ff80bbcfb8f96b4a58b2844d728590dac90ca
  HappyDNS: 06a9fed2796663fd87626dbf02552933265bf059
  IQKeyboardManagerSwift: c04bc9f68473823f825eb44d958fce98d921bead
  MJRefresh: b96cdb21c4aa75a7b07654311ab2f315c497e806
  Qiniu: 77a3dba411556a383d72d17e842345a9d4c83252
  SDWebImage: 76a6348bdc74eb5a55dd08a091ef298e56b55e41
  SnapKit: 2e456761aa92d4d4067a7a5594c18769d451a8ad
  SVProgressHUD: c404a55d78acbeb7ebb78b76d3faf986475a6994
  SwiftyJSON: c2842d878f95482ffceec5709abc3d05680c0220
  Then: 8496793c8fcac95482b943909b440724c7d8d82c
  UMengSocialCOM: 074c135ce349aa4c8848d3fb8458757bcb6ffb67
  Zhugeio: 0cbf34536b167368acbad1e3583062be3b47cce2

PODFILE CHECKSUM: 3bb918878b6605bbcf648be798d100ced4ef0bba

COCOAPODS: 1.2.1
